[0m[1mgoogle_compute_firewall.database_rules: Refreshing state... [id=projects/agisit-project-g1/global/firewalls/database][0m
[0m[1mgoogle_compute_firewall.frontend_rules: Refreshing state... [id=projects/agisit-project-g1/global/firewalls/frontend][0m
[0m[1mgoogle_compute_firewall.quote_rules: Refreshing state... [id=projects/agisit-project-g1/global/firewalls/quote][0m
[0m[1mgoogle_compute_firewall.get_thought_rules: Refreshing state... [id=projects/agisit-project-g1/global/firewalls/get][0m
[0m[1mgoogle_compute_firewall.send_thought_rules: Refreshing state... [id=projects/agisit-project-g1/global/firewalls/send][0m
[0m[1mgoogle_compute_firewall.web_rules: Refreshing state... [id=projects/agisit-project-g1/global/firewalls/web][0m

Terraform used the selected providers to generate the following execution
plan. Resource actions are indicated with the following symbols:
  [32m+[0m create[0m

Terraform will perform the following actions:

[1m  # google_compute_instance.balancer[0m will be created
[0m  [32m+[0m[0m resource "google_compute_instance" "balancer" {
      [32m+[0m[0m can_ip_forward       = false
      [32m+[0m[0m cpu_platform         = (known after apply)
      [32m+[0m[0m current_status       = (known after apply)
      [32m+[0m[0m deletion_protection  = false
      [32m+[0m[0m effective_labels     = (known after apply)
      [32m+[0m[0m guest_accelerator    = (known after apply)
      [32m+[0m[0m id                   = (known after apply)
      [32m+[0m[0m instance_id          = (known after apply)
      [32m+[0m[0m label_fingerprint    = (known after apply)
      [32m+[0m[0m machine_type         = "n1-standard-1"
      [32m+[0m[0m metadata             = {
          [32m+[0m[0m "ssh-keys" = <<-EOT
                ubuntu:ssh-rsa AAAAB3NzaC1yc2EAAAADAQABAAACAQCnoRGilWnp2Vzs8SzARZIpliTG/C981Qr6e0dgyr0cOqPfEWl+W35atV+CBy7x066CbZLSWDwAYeZ4p1YCtIrdR/3DUnaTyZFVbrQWIBV9gl/ZMM771MOXCizgXp0rgj3POFi+qrFIUsVnFNEfN8mAyHKK+18javMzG9miHeHF6ZLrxSbDtX9H7I8NeeisVZ216rl9lkb6gx9uY4VEIfi+vicv54PN99xgPsqm0QX28hWbfdyNXTeO5VXxZhae4NWd+fZSgdci8cHgb0WSd71iIsroiLbQ9IdMYa1JkXfpQSImkYZV/aHAcrE8FuWPtoh4duGh9rD9h2pdObYjToV09kA6Tff8woKfhBk309Q97rhqF9fEiLe9VxBVl64+nGjA0u5dcMHo/r/0jXSJwvl+8bE2ZQWi+ur62nuZxR5bNyUpqiSjfFCffb01QJU36iYkkCbGp+GSc5JnrM4z2R1C95Pc8utHnQbNsQMA5ElJ/o1FgUoI7ZJbJRcUN5C9F/E8SHNHA+od54H1OSaWj4nzXlBt4QYclWBxVvieC0kAjlbC0RfRA1nK4/cewRqIh0SoJGHUBxacs+OA47cQ6V5mfvzDTd87BSof2CwrOT0Ro4ODL9n6uMyeO/O/VMxPyk/V7NLgtZQAVqN8d6l2M1Eu+ZIUGRFEJftuZKdqo+w75w== vagrant@mgmt
            EOT
        }
      [32m+[0m[0m metadata_fingerprint = (known after apply)
      [32m+[0m[0m min_cpu_platform     = (known after apply)
      [32m+[0m[0m name                 = "balancer"
      [32m+[0m[0m project              = "agisit-project-g1"
      [32m+[0m[0m self_link            = (known after apply)
      [32m+[0m[0m tags                 = [
          [32m+[0m[0m "balancer",
        ]
      [32m+[0m[0m tags_fingerprint     = (known after apply)
      [32m+[0m[0m terraform_labels     = (known after apply)
      [32m+[0m[0m zone                 = "europe-west2-c"

      [32m+[0m[0m boot_disk {
          [32m+[0m[0m auto_delete                = true
          [32m+[0m[0m device_name                = (known after apply)
          [32m+[0m[0m disk_encryption_key_sha256 = (known after apply)
          [32m+[0m[0m kms_key_self_link          = (known after apply)
          [32m+[0m[0m mode                       = "READ_WRITE"
          [32m+[0m[0m source                     = (known after apply)

          [32m+[0m[0m initialize_params {
              [32m+[0m[0m image  = "ubuntu-2004-focal-v20230918"
              [32m+[0m[0m labels = (known after apply)
              [32m+[0m[0m size   = (known after apply)
              [32m+[0m[0m type   = (known after apply)
            }
        }

      [32m+[0m[0m network_interface {
          [32m+[0m[0m internal_ipv6_prefix_length = (known after apply)
          [32m+[0m[0m ipv6_access_type            = (known after apply)
          [32m+[0m[0m ipv6_address                = (known after apply)
          [32m+[0m[0m name                        = (known after apply)
          [32m+[0m[0m network                     = "default"
          [32m+[0m[0m network_ip                  = (known after apply)
          [32m+[0m[0m stack_type                  = (known after apply)
          [32m+[0m[0m subnetwork                  = (known after apply)
          [32m+[0m[0m subnetwork_project          = (known after apply)

          [32m+[0m[0m access_config {
              [32m+[0m[0m nat_ip       = (known after apply)
              [32m+[0m[0m network_tier = (known after apply)
            }
        }
    }

[1m  # google_compute_instance.database[0m will be created
[0m  [32m+[0m[0m resource "google_compute_instance" "database" {
      [32m+[0m[0m can_ip_forward       = false
      [32m+[0m[0m cpu_platform         = (known after apply)
      [32m+[0m[0m current_status       = (known after apply)
      [32m+[0m[0m deletion_protection  = false
      [32m+[0m[0m effective_labels     = (known after apply)
      [32m+[0m[0m guest_accelerator    = (known after apply)
      [32m+[0m[0m id                   = (known after apply)
      [32m+[0m[0m instance_id          = (known after apply)
      [32m+[0m[0m label_fingerprint    = (known after apply)
      [32m+[0m[0m machine_type         = "n1-standard-1"
      [32m+[0m[0m metadata             = {
          [32m+[0m[0m "ssh-keys" = <<-EOT
                ubuntu:ssh-rsa AAAAB3NzaC1yc2EAAAADAQABAAACAQCnoRGilWnp2Vzs8SzARZIpliTG/C981Qr6e0dgyr0cOqPfEWl+W35atV+CBy7x066CbZLSWDwAYeZ4p1YCtIrdR/3DUnaTyZFVbrQWIBV9gl/ZMM771MOXCizgXp0rgj3POFi+qrFIUsVnFNEfN8mAyHKK+18javMzG9miHeHF6ZLrxSbDtX9H7I8NeeisVZ216rl9lkb6gx9uY4VEIfi+vicv54PN99xgPsqm0QX28hWbfdyNXTeO5VXxZhae4NWd+fZSgdci8cHgb0WSd71iIsroiLbQ9IdMYa1JkXfpQSImkYZV/aHAcrE8FuWPtoh4duGh9rD9h2pdObYjToV09kA6Tff8woKfhBk309Q97rhqF9fEiLe9VxBVl64+nGjA0u5dcMHo/r/0jXSJwvl+8bE2ZQWi+ur62nuZxR5bNyUpqiSjfFCffb01QJU36iYkkCbGp+GSc5JnrM4z2R1C95Pc8utHnQbNsQMA5ElJ/o1FgUoI7ZJbJRcUN5C9F/E8SHNHA+od54H1OSaWj4nzXlBt4QYclWBxVvieC0kAjlbC0RfRA1nK4/cewRqIh0SoJGHUBxacs+OA47cQ6V5mfvzDTd87BSof2CwrOT0Ro4ODL9n6uMyeO/O/VMxPyk/V7NLgtZQAVqN8d6l2M1Eu+ZIUGRFEJftuZKdqo+w75w== vagrant@mgmt
            EOT
        }
      [32m+[0m[0m metadata_fingerprint = (known after apply)
      [32m+[0m[0m min_cpu_platform     = (known after apply)
      [32m+[0m[0m name                 = "database"
      [32m+[0m[0m project              = "agisit-project-g1"
      [32m+[0m[0m self_link            = (known after apply)
      [32m+[0m[0m tags                 = [
          [32m+[0m[0m "database",
        ]
      [32m+[0m[0m tags_fingerprint     = (known after apply)
      [32m+[0m[0m terraform_labels     = (known after apply)
      [32m+[0m[0m zone                 = "europe-west2-c"

      [32m+[0m[0m boot_disk {
          [32m+[0m[0m auto_delete                = true
          [32m+[0m[0m device_name                = (known after apply)
          [32m+[0m[0m disk_encryption_key_sha256 = (known after apply)
          [32m+[0m[0m kms_key_self_link          = (known after apply)
          [32m+[0m[0m mode                       = "READ_WRITE"
          [32m+[0m[0m source                     = (known after apply)

          [32m+[0m[0m initialize_params {
              [32m+[0m[0m image  = "ubuntu-2004-focal-v20230918"
              [32m+[0m[0m labels = (known after apply)
              [32m+[0m[0m size   = (known after apply)
              [32m+[0m[0m type   = (known after apply)
            }
        }

      [32m+[0m[0m network_interface {
          [32m+[0m[0m internal_ipv6_prefix_length = (known after apply)
          [32m+[0m[0m ipv6_access_type            = (known after apply)
          [32m+[0m[0m ipv6_address                = (known after apply)
          [32m+[0m[0m name                        = (known after apply)
          [32m+[0m[0m network                     = "default"
          [32m+[0m[0m network_ip                  = (known after apply)
          [32m+[0m[0m stack_type                  = (known after apply)
          [32m+[0m[0m subnetwork                  = (known after apply)
          [32m+[0m[0m subnetwork_project          = (known after apply)

          [32m+[0m[0m access_config {
              [32m+[0m[0m nat_ip       = (known after apply)
              [32m+[0m[0m network_tier = (known after apply)
            }
        }
    }

[1m  # google_compute_instance.get[0][0m will be created
[0m  [32m+[0m[0m resource "google_compute_instance" "get" {
      [32m+[0m[0m can_ip_forward       = false
      [32m+[0m[0m cpu_platform         = (known after apply)
      [32m+[0m[0m current_status       = (known after apply)
      [32m+[0m[0m deletion_protection  = false
      [32m+[0m[0m effective_labels     = (known after apply)
      [32m+[0m[0m guest_accelerator    = (known after apply)
      [32m+[0m[0m id                   = (known after apply)
      [32m+[0m[0m instance_id          = (known after apply)
      [32m+[0m[0m label_fingerprint    = (known after apply)
      [32m+[0m[0m machine_type         = "n1-standard-1"
      [32m+[0m[0m metadata             = {
          [32m+[0m[0m "ssh-keys" = <<-EOT
                ubuntu:ssh-rsa AAAAB3NzaC1yc2EAAAADAQABAAACAQCnoRGilWnp2Vzs8SzARZIpliTG/C981Qr6e0dgyr0cOqPfEWl+W35atV+CBy7x066CbZLSWDwAYeZ4p1YCtIrdR/3DUnaTyZFVbrQWIBV9gl/ZMM771MOXCizgXp0rgj3POFi+qrFIUsVnFNEfN8mAyHKK+18javMzG9miHeHF6ZLrxSbDtX9H7I8NeeisVZ216rl9lkb6gx9uY4VEIfi+vicv54PN99xgPsqm0QX28hWbfdyNXTeO5VXxZhae4NWd+fZSgdci8cHgb0WSd71iIsroiLbQ9IdMYa1JkXfpQSImkYZV/aHAcrE8FuWPtoh4duGh9rD9h2pdObYjToV09kA6Tff8woKfhBk309Q97rhqF9fEiLe9VxBVl64+nGjA0u5dcMHo/r/0jXSJwvl+8bE2ZQWi+ur62nuZxR5bNyUpqiSjfFCffb01QJU36iYkkCbGp+GSc5JnrM4z2R1C95Pc8utHnQbNsQMA5ElJ/o1FgUoI7ZJbJRcUN5C9F/E8SHNHA+od54H1OSaWj4nzXlBt4QYclWBxVvieC0kAjlbC0RfRA1nK4/cewRqIh0SoJGHUBxacs+OA47cQ6V5mfvzDTd87BSof2CwrOT0Ro4ODL9n6uMyeO/O/VMxPyk/V7NLgtZQAVqN8d6l2M1Eu+ZIUGRFEJftuZKdqo+w75w== vagrant@mgmt
            EOT
        }
      [32m+[0m[0m metadata_fingerprint = (known after apply)
      [32m+[0m[0m min_cpu_platform     = (known after apply)
      [32m+[0m[0m name                 = "get1"
      [32m+[0m[0m project              = "agisit-project-g1"
      [32m+[0m[0m self_link            = (known after apply)
      [32m+[0m[0m tags                 = [
          [32m+[0m[0m "get",
        ]
      [32m+[0m[0m tags_fingerprint     = (known after apply)
      [32m+[0m[0m terraform_labels     = (known after apply)
      [32m+[0m[0m zone                 = "europe-west2-c"

      [32m+[0m[0m boot_disk {
          [32m+[0m[0m auto_delete                = true
          [32m+[0m[0m device_name                = (known after apply)
          [32m+[0m[0m disk_encryption_key_sha256 = (known after apply)
          [32m+[0m[0m kms_key_self_link          = (known after apply)
          [32m+[0m[0m mode                       = "READ_WRITE"
          [32m+[0m[0m source                     = (known after apply)

          [32m+[0m[0m initialize_params {
              [32m+[0m[0m image  = "ubuntu-2004-focal-v20230918"
              [32m+[0m[0m labels = (known after apply)
              [32m+[0m[0m size   = (known after apply)
              [32m+[0m[0m type   = (known after apply)
            }
        }

      [32m+[0m[0m network_interface {
          [32m+[0m[0m internal_ipv6_prefix_length = (known after apply)
          [32m+[0m[0m ipv6_access_type            = (known after apply)
          [32m+[0m[0m ipv6_address                = (known after apply)
          [32m+[0m[0m name                        = (known after apply)
          [32m+[0m[0m network                     = "default"
          [32m+[0m[0m network_ip                  = (known after apply)
          [32m+[0m[0m stack_type                  = (known after apply)
          [32m+[0m[0m subnetwork                  = (known after apply)
          [32m+[0m[0m subnetwork_project          = (known after apply)

          [32m+[0m[0m access_config {
              [32m+[0m[0m nat_ip       = (known after apply)
              [32m+[0m[0m network_tier = (known after apply)
            }
        }
    }

[1m  # google_compute_instance.quote[0][0m will be created
[0m  [32m+[0m[0m resource "google_compute_instance" "quote" {
      [32m+[0m[0m can_ip_forward       = false
      [32m+[0m[0m cpu_platform         = (known after apply)
      [32m+[0m[0m current_status       = (known after apply)
      [32m+[0m[0m deletion_protection  = false
      [32m+[0m[0m effective_labels     = (known after apply)
      [32m+[0m[0m guest_accelerator    = (known after apply)
      [32m+[0m[0m id                   = (known after apply)
      [32m+[0m[0m instance_id          = (known after apply)
      [32m+[0m[0m label_fingerprint    = (known after apply)
      [32m+[0m[0m machine_type         = "n1-standard-1"
      [32m+[0m[0m metadata             = {
          [32m+[0m[0m "ssh-keys" = <<-EOT
                ubuntu:ssh-rsa AAAAB3NzaC1yc2EAAAADAQABAAACAQCnoRGilWnp2Vzs8SzARZIpliTG/C981Qr6e0dgyr0cOqPfEWl+W35atV+CBy7x066CbZLSWDwAYeZ4p1YCtIrdR/3DUnaTyZFVbrQWIBV9gl/ZMM771MOXCizgXp0rgj3POFi+qrFIUsVnFNEfN8mAyHKK+18javMzG9miHeHF6ZLrxSbDtX9H7I8NeeisVZ216rl9lkb6gx9uY4VEIfi+vicv54PN99xgPsqm0QX28hWbfdyNXTeO5VXxZhae4NWd+fZSgdci8cHgb0WSd71iIsroiLbQ9IdMYa1JkXfpQSImkYZV/aHAcrE8FuWPtoh4duGh9rD9h2pdObYjToV09kA6Tff8woKfhBk309Q97rhqF9fEiLe9VxBVl64+nGjA0u5dcMHo/r/0jXSJwvl+8bE2ZQWi+ur62nuZxR5bNyUpqiSjfFCffb01QJU36iYkkCbGp+GSc5JnrM4z2R1C95Pc8utHnQbNsQMA5ElJ/o1FgUoI7ZJbJRcUN5C9F/E8SHNHA+od54H1OSaWj4nzXlBt4QYclWBxVvieC0kAjlbC0RfRA1nK4/cewRqIh0SoJGHUBxacs+OA47cQ6V5mfvzDTd87BSof2CwrOT0Ro4ODL9n6uMyeO/O/VMxPyk/V7NLgtZQAVqN8d6l2M1Eu+ZIUGRFEJftuZKdqo+w75w== vagrant@mgmt
            EOT
        }
      [32m+[0m[0m metadata_fingerprint = (known after apply)
      [32m+[0m[0m min_cpu_platform     = (known after apply)
      [32m+[0m[0m name                 = "quote1"
      [32m+[0m[0m project              = "agisit-project-g1"
      [32m+[0m[0m self_link            = (known after apply)
      [32m+[0m[0m tags                 = [
          [32m+[0m[0m "quote",
        ]
      [32m+[0m[0m tags_fingerprint     = (known after apply)
      [32m+[0m[0m terraform_labels     = (known after apply)
      [32m+[0m[0m zone                 = "europe-west2-c"

      [32m+[0m[0m boot_disk {
          [32m+[0m[0m auto_delete                = true
          [32m+[0m[0m device_name                = (known after apply)
          [32m+[0m[0m disk_encryption_key_sha256 = (known after apply)
          [32m+[0m[0m kms_key_self_link          = (known after apply)
          [32m+[0m[0m mode                       = "READ_WRITE"
          [32m+[0m[0m source                     = (known after apply)

          [32m+[0m[0m initialize_params {
              [32m+[0m[0m image  = "ubuntu-2004-focal-v20230918"
              [32m+[0m[0m labels = (known after apply)
              [32m+[0m[0m size   = (known after apply)
              [32m+[0m[0m type   = (known after apply)
            }
        }

      [32m+[0m[0m network_interface {
          [32m+[0m[0m internal_ipv6_prefix_length = (known after apply)
          [32m+[0m[0m ipv6_access_type            = (known after apply)
          [32m+[0m[0m ipv6_address                = (known after apply)
          [32m+[0m[0m name                        = (known after apply)
          [32m+[0m[0m network                     = "default"
          [32m+[0m[0m network_ip                  = (known after apply)
          [32m+[0m[0m stack_type                  = (known after apply)
          [32m+[0m[0m subnetwork                  = (known after apply)
          [32m+[0m[0m subnetwork_project          = (known after apply)

          [32m+[0m[0m access_config {
              [32m+[0m[0m nat_ip       = (known after apply)
              [32m+[0m[0m network_tier = (known after apply)
            }
        }
    }

[1m  # google_compute_instance.send[0][0m will be created
[0m  [32m+[0m[0m resource "google_compute_instance" "send" {
      [32m+[0m[0m can_ip_forward       = false
      [32m+[0m[0m cpu_platform         = (known after apply)
      [32m+[0m[0m current_status       = (known after apply)
      [32m+[0m[0m deletion_protection  = false
      [32m+[0m[0m effective_labels     = (known after apply)
      [32m+[0m[0m guest_accelerator    = (known after apply)
      [32m+[0m[0m id                   = (known after apply)
      [32m+[0m[0m instance_id          = (known after apply)
      [32m+[0m[0m label_fingerprint    = (known after apply)
      [32m+[0m[0m machine_type         = "n1-standard-1"
      [32m+[0m[0m metadata             = {
          [32m+[0m[0m "ssh-keys" = <<-EOT
                ubuntu:ssh-rsa AAAAB3NzaC1yc2EAAAADAQABAAACAQCnoRGilWnp2Vzs8SzARZIpliTG/C981Qr6e0dgyr0cOqPfEWl+W35atV+CBy7x066CbZLSWDwAYeZ4p1YCtIrdR/3DUnaTyZFVbrQWIBV9gl/ZMM771MOXCizgXp0rgj3POFi+qrFIUsVnFNEfN8mAyHKK+18javMzG9miHeHF6ZLrxSbDtX9H7I8NeeisVZ216rl9lkb6gx9uY4VEIfi+vicv54PN99xgPsqm0QX28hWbfdyNXTeO5VXxZhae4NWd+fZSgdci8cHgb0WSd71iIsroiLbQ9IdMYa1JkXfpQSImkYZV/aHAcrE8FuWPtoh4duGh9rD9h2pdObYjToV09kA6Tff8woKfhBk309Q97rhqF9fEiLe9VxBVl64+nGjA0u5dcMHo/r/0jXSJwvl+8bE2ZQWi+ur62nuZxR5bNyUpqiSjfFCffb01QJU36iYkkCbGp+GSc5JnrM4z2R1C95Pc8utHnQbNsQMA5ElJ/o1FgUoI7ZJbJRcUN5C9F/E8SHNHA+od54H1OSaWj4nzXlBt4QYclWBxVvieC0kAjlbC0RfRA1nK4/cewRqIh0SoJGHUBxacs+OA47cQ6V5mfvzDTd87BSof2CwrOT0Ro4ODL9n6uMyeO/O/VMxPyk/V7NLgtZQAVqN8d6l2M1Eu+ZIUGRFEJftuZKdqo+w75w== vagrant@mgmt
            EOT
        }
      [32m+[0m[0m metadata_fingerprint = (known after apply)
      [32m+[0m[0m min_cpu_platform     = (known after apply)
      [32m+[0m[0m name                 = "send1"
      [32m+[0m[0m project              = "agisit-project-g1"
      [32m+[0m[0m self_link            = (known after apply)
      [32m+[0m[0m tags                 = [
          [32m+[0m[0m "send",
        ]
      [32m+[0m[0m tags_fingerprint     = (known after apply)
      [32m+[0m[0m terraform_labels     = (known after apply)
      [32m+[0m[0m zone                 = "europe-west2-c"

      [32m+[0m[0m boot_disk {
          [32m+[0m[0m auto_delete                = true
          [32m+[0m[0m device_name                = (known after apply)
          [32m+[0m[0m disk_encryption_key_sha256 = (known after apply)
          [32m+[0m[0m kms_key_self_link          = (known after apply)
          [32m+[0m[0m mode                       = "READ_WRITE"
          [32m+[0m[0m source                     = (known after apply)

          [32m+[0m[0m initialize_params {
              [32m+[0m[0m image  = "ubuntu-2004-focal-v20230918"
              [32m+[0m[0m labels = (known after apply)
              [32m+[0m[0m size   = (known after apply)
              [32m+[0m[0m type   = (known after apply)
            }
        }

      [32m+[0m[0m network_interface {
          [32m+[0m[0m internal_ipv6_prefix_length = (known after apply)
          [32m+[0m[0m ipv6_access_type            = (known after apply)
          [32m+[0m[0m ipv6_address                = (known after apply)
          [32m+[0m[0m name                        = (known after apply)
          [32m+[0m[0m network                     = "default"
          [32m+[0m[0m network_ip                  = (known after apply)
          [32m+[0m[0m stack_type                  = (known after apply)
          [32m+[0m[0m subnetwork                  = (known after apply)
          [32m+[0m[0m subnetwork_project          = (known after apply)

          [32m+[0m[0m access_config {
              [32m+[0m[0m nat_ip       = (known after apply)
              [32m+[0m[0m network_tier = (known after apply)
            }
        }
    }

[1m  # google_compute_instance.web[0][0m will be created
[0m  [32m+[0m[0m resource "google_compute_instance" "web" {
      [32m+[0m[0m can_ip_forward       = false
      [32m+[0m[0m cpu_platform         = (known after apply)
      [32m+[0m[0m current_status       = (known after apply)
      [32m+[0m[0m deletion_protection  = false
      [32m+[0m[0m effective_labels     = (known after apply)
      [32m+[0m[0m guest_accelerator    = (known after apply)
      [32m+[0m[0m id                   = (known after apply)
      [32m+[0m[0m instance_id          = (known after apply)
      [32m+[0m[0m label_fingerprint    = (known after apply)
      [32m+[0m[0m machine_type         = "n1-standard-1"
      [32m+[0m[0m metadata             = {
          [32m+[0m[0m "ssh-keys" = <<-EOT
                ubuntu:ssh-rsa AAAAB3NzaC1yc2EAAAADAQABAAACAQCnoRGilWnp2Vzs8SzARZIpliTG/C981Qr6e0dgyr0cOqPfEWl+W35atV+CBy7x066CbZLSWDwAYeZ4p1YCtIrdR/3DUnaTyZFVbrQWIBV9gl/ZMM771MOXCizgXp0rgj3POFi+qrFIUsVnFNEfN8mAyHKK+18javMzG9miHeHF6ZLrxSbDtX9H7I8NeeisVZ216rl9lkb6gx9uY4VEIfi+vicv54PN99xgPsqm0QX28hWbfdyNXTeO5VXxZhae4NWd+fZSgdci8cHgb0WSd71iIsroiLbQ9IdMYa1JkXfpQSImkYZV/aHAcrE8FuWPtoh4duGh9rD9h2pdObYjToV09kA6Tff8woKfhBk309Q97rhqF9fEiLe9VxBVl64+nGjA0u5dcMHo/r/0jXSJwvl+8bE2ZQWi+ur62nuZxR5bNyUpqiSjfFCffb01QJU36iYkkCbGp+GSc5JnrM4z2R1C95Pc8utHnQbNsQMA5ElJ/o1FgUoI7ZJbJRcUN5C9F/E8SHNHA+od54H1OSaWj4nzXlBt4QYclWBxVvieC0kAjlbC0RfRA1nK4/cewRqIh0SoJGHUBxacs+OA47cQ6V5mfvzDTd87BSof2CwrOT0Ro4ODL9n6uMyeO/O/VMxPyk/V7NLgtZQAVqN8d6l2M1Eu+ZIUGRFEJftuZKdqo+w75w== vagrant@mgmt
            EOT
        }
      [32m+[0m[0m metadata_fingerprint = (known after apply)
      [32m+[0m[0m min_cpu_platform     = (known after apply)
      [32m+[0m[0m name                 = "web1"
      [32m+[0m[0m project              = "agisit-project-g1"
      [32m+[0m[0m self_link            = (known after apply)
      [32m+[0m[0m tags                 = [
          [32m+[0m[0m "web",
        ]
      [32m+[0m[0m tags_fingerprint     = (known after apply)
      [32m+[0m[0m terraform_labels     = (known after apply)
      [32m+[0m[0m zone                 = "europe-west2-c"

      [32m+[0m[0m boot_disk {
          [32m+[0m[0m auto_delete                = true
          [32m+[0m[0m device_name                = (known after apply)
          [32m+[0m[0m disk_encryption_key_sha256 = (known after apply)
          [32m+[0m[0m kms_key_self_link          = (known after apply)
          [32m+[0m[0m mode                       = "READ_WRITE"
          [32m+[0m[0m source                     = (known after apply)

          [32m+[0m[0m initialize_params {
              [32m+[0m[0m image  = "ubuntu-2004-focal-v20230918"
              [32m+[0m[0m labels = (known after apply)
              [32m+[0m[0m size   = (known after apply)
              [32m+[0m[0m type   = (known after apply)
            }
        }

      [32m+[0m[0m network_interface {
          [32m+[0m[0m internal_ipv6_prefix_length = (known after apply)
          [32m+[0m[0m ipv6_access_type            = (known after apply)
          [32m+[0m[0m ipv6_address                = (known after apply)
          [32m+[0m[0m name                        = (known after apply)
          [32m+[0m[0m network                     = "default"
          [32m+[0m[0m network_ip                  = (known after apply)
          [32m+[0m[0m stack_type                  = (known after apply)
          [32m+[0m[0m subnetwork                  = (known after apply)
          [32m+[0m[0m subnetwork_project          = (known after apply)

          [32m+[0m[0m access_config {
              [32m+[0m[0m nat_ip       = (known after apply)
              [32m+[0m[0m network_tier = (known after apply)
            }
        }
    }

[1m  # google_compute_instance.web[1][0m will be created
[0m  [32m+[0m[0m resource "google_compute_instance" "web" {
      [32m+[0m[0m can_ip_forward       = false
      [32m+[0m[0m cpu_platform         = (known after apply)
      [32m+[0m[0m current_status       = (known after apply)
      [32m+[0m[0m deletion_protection  = false
      [32m+[0m[0m effective_labels     = (known after apply)
      [32m+[0m[0m guest_accelerator    = (known after apply)
      [32m+[0m[0m id                   = (known after apply)
      [32m+[0m[0m instance_id          = (known after apply)
      [32m+[0m[0m label_fingerprint    = (known after apply)
      [32m+[0m[0m machine_type         = "n1-standard-1"
      [32m+[0m[0m metadata             = {
          [32m+[0m[0m "ssh-keys" = <<-EOT
                ubuntu:ssh-rsa AAAAB3NzaC1yc2EAAAADAQABAAACAQCnoRGilWnp2Vzs8SzARZIpliTG/C981Qr6e0dgyr0cOqPfEWl+W35atV+CBy7x066CbZLSWDwAYeZ4p1YCtIrdR/3DUnaTyZFVbrQWIBV9gl/ZMM771MOXCizgXp0rgj3POFi+qrFIUsVnFNEfN8mAyHKK+18javMzG9miHeHF6ZLrxSbDtX9H7I8NeeisVZ216rl9lkb6gx9uY4VEIfi+vicv54PN99xgPsqm0QX28hWbfdyNXTeO5VXxZhae4NWd+fZSgdci8cHgb0WSd71iIsroiLbQ9IdMYa1JkXfpQSImkYZV/aHAcrE8FuWPtoh4duGh9rD9h2pdObYjToV09kA6Tff8woKfhBk309Q97rhqF9fEiLe9VxBVl64+nGjA0u5dcMHo/r/0jXSJwvl+8bE2ZQWi+ur62nuZxR5bNyUpqiSjfFCffb01QJU36iYkkCbGp+GSc5JnrM4z2R1C95Pc8utHnQbNsQMA5ElJ/o1FgUoI7ZJbJRcUN5C9F/E8SHNHA+od54H1OSaWj4nzXlBt4QYclWBxVvieC0kAjlbC0RfRA1nK4/cewRqIh0SoJGHUBxacs+OA47cQ6V5mfvzDTd87BSof2CwrOT0Ro4ODL9n6uMyeO/O/VMxPyk/V7NLgtZQAVqN8d6l2M1Eu+ZIUGRFEJftuZKdqo+w75w== vagrant@mgmt
            EOT
        }
      [32m+[0m[0m metadata_fingerprint = (known after apply)
      [32m+[0m[0m min_cpu_platform     = (known after apply)
      [32m+[0m[0m name                 = "web2"
      [32m+[0m[0m project              = "agisit-project-g1"
      [32m+[0m[0m self_link            = (known after apply)
      [32m+[0m[0m tags                 = [
          [32m+[0m[0m "web",
        ]
      [32m+[0m[0m tags_fingerprint     = (known after apply)
      [32m+[0m[0m terraform_labels     = (known after apply)
      [32m+[0m[0m zone                 = "europe-west2-c"

      [32m+[0m[0m boot_disk {
          [32m+[0m[0m auto_delete                = true
          [32m+[0m[0m device_name                = (known after apply)
          [32m+[0m[0m disk_encryption_key_sha256 = (known after apply)
          [32m+[0m[0m kms_key_self_link          = (known after apply)
          [32m+[0m[0m mode                       = "READ_WRITE"
          [32m+[0m[0m source                     = (known after apply)

          [32m+[0m[0m initialize_params {
              [32m+[0m[0m image  = "ubuntu-2004-focal-v20230918"
              [32m+[0m[0m labels = (known after apply)
              [32m+[0m[0m size   = (known after apply)
              [32m+[0m[0m type   = (known after apply)
            }
        }

      [32m+[0m[0m network_interface {
          [32m+[0m[0m internal_ipv6_prefix_length = (known after apply)
          [32m+[0m[0m ipv6_access_type            = (known after apply)
          [32m+[0m[0m ipv6_address                = (known after apply)
          [32m+[0m[0m name                        = (known after apply)
          [32m+[0m[0m network                     = "default"
          [32m+[0m[0m network_ip                  = (known after apply)
          [32m+[0m[0m stack_type                  = (known after apply)
          [32m+[0m[0m subnetwork                  = (known after apply)
          [32m+[0m[0m subnetwork_project          = (known after apply)

          [32m+[0m[0m access_config {
              [32m+[0m[0m nat_ip       = (known after apply)
              [32m+[0m[0m network_tier = (known after apply)
            }
        }
    }

[1mPlan:[0m 7 to add, 0 to change, 0 to destroy.
[0m
Changes to Outputs:
  [33m~[0m[0m balancer          = "34.147.146.234" -> (known after apply)
  [33m~[0m[0m balancer_ssh      = "https://www.googleapis.com/compute/v1/projects/agisit-project-g1/zones/europe-west2-c/instances/balancer" -> (known after apply)
  [33m~[0m[0m database          = "34.142.31.149" -> (known after apply)
  [33m~[0m[0m database_ssh      = "https://www.googleapis.com/compute/v1/projects/agisit-project-g1/zones/europe-west2-c/instances/database" -> (known after apply)
  [33m~[0m[0m get_thoughts_IPs  = [
      [31m-[0m[0m "get1 = 34.147.202.212",
      [32m+[0m[0m (known after apply),
    ]
  [33m~[0m[0m quote_IPs         = [
      [31m-[0m[0m "quote1 = 34.147.225.36",
      [32m+[0m[0m (known after apply),
    ]
  [33m~[0m[0m send_thoughts_IPs = [
      [31m-[0m[0m "send1 = 34.89.16.241",
      [32m+[0m[0m (known after apply),
    ]
  [33m~[0m[0m web_IPs           = [
      [31m-[0m[0m "web1 = 34.147.205.241",
      [31m-[0m[0m "web2 = 35.197.217.38",
      [32m+[0m[0m (known after apply),
      [32m+[0m[0m (known after apply),
    ]
[0m[1mgoogle_compute_instance.database: Creating...[0m[0m
[0m[1mgoogle_compute_instance.balancer: Creating...[0m[0m
[0m[1mgoogle_compute_instance.get[0]: Creating...[0m[0m
[0m[1mgoogle_compute_instance.send[0]: Creating...[0m[0m
[0m[1mgoogle_compute_instance.quote[0]: Creating...[0m[0m
[0m[1mgoogle_compute_instance.web[1]: Creating...[0m[0m
[0m[1mgoogle_compute_instance.web[0]: Creating...[0m[0m
[0m[1mgoogle_compute_instance.database: Still creating... [10s elapsed][0m[0m
[0m[1mgoogle_compute_instance.balancer: Still creating... [10s elapsed][0m[0m
[0m[1mgoogle_compute_instance.get[0]: Still creating... [10s elapsed][0m[0m
[0m[1mgoogle_compute_instance.send[0]: Still creating... [10s elapsed][0m[0m
[0m[1mgoogle_compute_instance.quote[0]: Still creating... [10s elapsed][0m[0m
[0m[1mgoogle_compute_instance.web[1]: Still creating... [10s elapsed][0m[0m
[0m[1mgoogle_compute_instance.web[0]: Still creating... [10s elapsed][0m[0m
[0m[1mgoogle_compute_instance.web[0]: Creation complete after 13s [id=projects/agisit-project-g1/zones/europe-west2-c/instances/web1][0m
[0m[1mgoogle_compute_instance.send[0]: Creation complete after 13s [id=projects/agisit-project-g1/zones/europe-west2-c/instances/send1][0m
[0m[1mgoogle_compute_instance.database: Creation complete after 13s [id=projects/agisit-project-g1/zones/europe-west2-c/instances/database][0m
[0m[1mgoogle_compute_instance.balancer: Creation complete after 14s [id=projects/agisit-project-g1/zones/europe-west2-c/instances/balancer][0m
[0m[1mgoogle_compute_instance.quote[0]: Creation complete after 14s [id=projects/agisit-project-g1/zones/europe-west2-c/instances/quote1][0m
[0m[1mgoogle_compute_instance.web[1]: Creation complete after 14s [id=projects/agisit-project-g1/zones/europe-west2-c/instances/web2][0m
[0m[1mgoogle_compute_instance.get[0]: Creation complete after 15s [id=projects/agisit-project-g1/zones/europe-west2-c/instances/get1][0m
[0m[1m[32m
Apply complete! Resources: 7 added, 0 changed, 0 destroyed.
[0m[0m[1m[32m
Outputs:

[0mbalancer = "34.147.205.241"
balancer_ssh = "https://www.googleapis.com/compute/v1/projects/agisit-project-g1/zones/europe-west2-c/instances/balancer"
database = "34.147.146.234"
database_ssh = "https://www.googleapis.com/compute/v1/projects/agisit-project-g1/zones/europe-west2-c/instances/database"
get_thoughts_IPs = tolist([
  "get1 = 34.142.31.149",
])
quote_IPs = tolist([
  "quote1 = 34.89.16.241",
])
send_thoughts_IPs = tolist([
  "send1 = 34.147.194.229",
])
web_IPs = tolist([
  "web1 = 34.147.225.36",
  "web2 = 34.147.202.212",
])
